
Microsoft Visual Studio Solution File, Format Version 12.00
# Visual Studio Version 16
VisualStudioVersion = 16.0.29806.167
MinimumVisualStudioVersion = 10.0.40219.1
Project("{9A19103F-16F7-4668-BE54-9A1E7A4F7556}") = "SchoolManagement.UI", "SchoolManagement.UI\SchoolManagement.UI.csproj", "{F68BD51E-E810-4661-9CD8-3A90CEC1E880}"
EndProject
Project("{9A19103F-16F7-4668-BE54-9A1E7A4F7556}") = "SchoolManagement.Models", "SchoolManagement.Models\SchoolManagement.Models.csproj", "{D7882512-FC8D-4FD7-B778-38E297D3F6D2}"
EndProject
Project("{9A19103F-16F7-4668-BE54-9A1E7A4F7556}") = "SchoolManagement.Business", "SchoolManagement.Business\SchoolManagement.Business.csproj", "{C8FD4AC7-A6C2-4D27-837E-A15D1F2E224D}"
EndProject
Global
	GlobalSection(SolutionConfigurationPlatforms) = preSolution
		Debug|Any CPU = Debug|Any CPU
		Release|Any CPU = Release|Any CPU
	EndGlobalSection
	GlobalSection(ProjectConfigurationPlatforms) = postSolution
		{F68BD51E-E810-4661-9CD8-3A90CEC1E880}.Debug|Any CPU.ActiveCfg = Debug|Any CPU
		{F68BD51E-E810-4661-9CD8-3A90CEC1E880}.Debug|Any CPU.Build.0 = Debug|Any CPU
		{F68BD51E-E810-4661-9CD8-3A90CEC1E880}.Release|Any CPU.ActiveCfg = Release|Any CPU
		{F68BD51E-E810-4661-9CD8-3A90CEC1E880}.Release|Any CPU.Build.0 = Release|Any CPU
		{D7882512-FC8D-4FD7-B778-38E297D3F6D2}.Debug|Any CPU.ActiveCfg = Debug|Any CPU
		{D7882512-FC8D-4FD7-B778-38E297D3F6D2}.Debug|Any CPU.Build.0 = Debug|Any CPU
		{D7882512-FC8D-4FD7-B778-38E297D3F6D2}.Release|Any CPU.ActiveCfg = Release|Any CPU
		{D7882512-FC8D-4FD7-B778-38E297D3F6D2}.Release|Any CPU.Build.0 = Release|Any CPU
		{C8FD4AC7-A6C2-4D27-837E-A15D1F2E224D}.Debug|Any CPU.ActiveCfg = Debug|Any CPU
		{C8FD4AC7-A6C2-4D27-837E-A15D1F2E224D}.Debug|Any CPU.Build.0 = Debug|Any CPU
		{C8FD4AC7-A6C2-4D27-837E-A15D1F2E224D}.Release|Any CPU.ActiveCfg = Release|Any CPU
		{C8FD4AC7-A6C2-4D27-837E-A15D1F2E224D}.Release|Any CPU.Build.0 = Release|Any CPU
	EndGlobalSection
	GlobalSection(SolutionProperties) = preSolution
		HideSolutionNode = FALSE
	EndGlobalSection
	GlobalSection(ExtensibilityGlobals) = postSolution
		SolutionGuid = {1EFA661D-E8DC-472C-A03F-BECABD4EA3D5}
	EndGlobalSection
EndGlobal
